// !$*UTF8*$!
{
	archiveVersion = 1;
	classes = {
	};
	objectVersion = 50;
	objects = {

/* Begin PBXBuildFile section */
		9344556120EE8ACC00CF0F04 /* AppDelegate.swift in Sources */ = {isa = PBXBuildFile; fileRef = 9344556020EE8ACC00CF0F04 /* AppDelegate.swift */; };
		9344556620EE8ACD00CF0F04 /* Main.storyboard in Resources */ = {isa = PBXBuildFile; fileRef = 9344556420EE8ACD00CF0F04 /* Main.storyboard */; };
		9344556920EE8ACD00CF0F04 /* Repaso2.xcdatamodeld in Sources */ = {isa = PBXBuildFile; fileRef = 9344556720EE8ACD00CF0F04 /* Repaso2.xcdatamodeld */; };
		9344556B20EE8AE600CF0F04 /* Assets.xcassets in Resources */ = {isa = PBXBuildFile; fileRef = 9344556A20EE8AE600CF0F04 /* Assets.xcassets */; };
		9344556E20EE8AE600CF0F04 /* LaunchScreen.storyboard in Resources */ = {isa = PBXBuildFile; fileRef = 9344556C20EE8AE600CF0F04 /* LaunchScreen.storyboard */; };
		934455D420EE937A00CF0F04 /* DogEntity.swift in Sources */ = {isa = PBXBuildFile; fileRef = 934455D320EE937A00CF0F04 /* DogEntity.swift */; };
		934455D620EE938F00CF0F04 /* UserEntity.swift in Sources */ = {isa = PBXBuildFile; fileRef = 934455D520EE938F00CF0F04 /* UserEntity.swift */; };
		934455D820EE93BE00CF0F04 /* UserStore.swift in Sources */ = {isa = PBXBuildFile; fileRef = 934455D720EE93BE00CF0F04 /* UserStore.swift */; };
		934455DA20EE93CB00CF0F04 /* DogStore.swift in Sources */ = {isa = PBXBuildFile; fileRef = 934455D920EE93CB00CF0F04 /* DogStore.swift */; };
		934455DC20EEBDE000CF0F04 /* LoginViewController.swift in Sources */ = {isa = PBXBuildFile; fileRef = 934455DB20EEBDE000CF0F04 /* LoginViewController.swift */; };
		934455DE20EEBE4200CF0F04 /* RegisterViewController.swift in Sources */ = {isa = PBXBuildFile; fileRef = 934455DD20EEBE4200CF0F04 /* RegisterViewController.swift */; };
		934455E020EEBE7600CF0F04 /* DogsCollectionViewController.swift in Sources */ = {isa = PBXBuildFile; fileRef = 934455DF20EEBE7600CF0F04 /* DogsCollectionViewController.swift */; };
		934455E220EEBE9700CF0F04 /* FavoriteTableViewController.swift in Sources */ = {isa = PBXBuildFile; fileRef = 934455E120EEBE9700CF0F04 /* FavoriteTableViewController.swift */; };
		934455E420EEBEAE00CF0F04 /* AboutViewController.swift in Sources */ = {isa = PBXBuildFile; fileRef = 934455E320EEBEAE00CF0F04 /* AboutViewController.swift */; };
		934455E620EEF16A00CF0F04 /* UserPreference.swift in Sources */ = {isa = PBXBuildFile; fileRef = 934455E520EEF16A00CF0F04 /* UserPreference.swift */; };
		9344560720EF316B00CF0F04 /* ProgressViewController.swift in Sources */ = {isa = PBXBuildFile; fileRef = 9344560620EF316B00CF0F04 /* ProgressViewController.swift */; };
		9344565420EF3C8000CF0F04 /* SwiftyJSON.framework in Frameworks */ = {isa = PBXBuildFile; fileRef = 9344564720EF3C7700CF0F04 /* SwiftyJSON.framework */; };
		9344565520EF3C8000CF0F04 /* SwiftyJSON.framework in Embed Frameworks */ = {isa = PBXBuildFile; fileRef = 9344564720EF3C7700CF0F04 /* SwiftyJSON.framework */; settings = {ATTRIBUTES = (CodeSignOnCopy, RemoveHeadersOnCopy, ); }; };
		9344565820EF3C8400CF0F04 /* AlamofireImage.framework in Frameworks */ = {isa = PBXBuildFile; fileRef = 9344562E20EF3C7000CF0F04 /* AlamofireImage.framework */; };
		9344565920EF3C8400CF0F04 /* AlamofireImage.framework in Embed Frameworks */ = {isa = PBXBuildFile; fileRef = 9344562E20EF3C7000CF0F04 /* AlamofireImage.framework */; settings = {ATTRIBUTES = (CodeSignOnCopy, RemoveHeadersOnCopy, ); }; };
		9344565C20EF3C8C00CF0F04 /* Alamofire.framework in Frameworks */ = {isa = PBXBuildFile; fileRef = 9344561420EF3C6900CF0F04 /* Alamofire.framework */; };
		9344565D20EF3C8C00CF0F04 /* Alamofire.framework in Embed Frameworks */ = {isa = PBXBuildFile; fileRef = 9344561420EF3C6900CF0F04 /* Alamofire.framework */; settings = {ATTRIBUTES = (CodeSignOnCopy, RemoveHeadersOnCopy, ); }; };
/* End PBXBuildFile section */

/* Begin PBXContainerItemProxy section */
		9344561320EF3C6900CF0F04 /* PBXContainerItemProxy */ = {
			isa = PBXContainerItemProxy;
			containerPortal = 9344560820EF3C6800CF0F04 /* Alamofire.xcodeproj */;
			proxyType = 2;
			remoteGlobalIDString = F8111E3319A95C8B0040E7D1;
			remoteInfo = "Alamofire iOS";
		};
		9344561520EF3C6900CF0F04 /* PBXContainerItemProxy */ = {
			isa = PBXContainerItemProxy;
			containerPortal = 9344560820EF3C6800CF0F04 /* Alamofire.xcodeproj */;
			proxyType = 2;
			remoteGlobalIDString = F8111E3E19A95C8B0040E7D1;
			remoteInfo = "Alamofire iOS Tests";
		};
		9344561720EF3C6900CF0F04 /* PBXContainerItemProxy */ = {
			isa = PBXContainerItemProxy;
			containerPortal = 9344560820EF3C6800CF0F04 /* Alamofire.xcodeproj */;
			proxyType = 2;
			remoteGlobalIDString = 4DD67C0B1A5C55C900ED2280;
			remoteInfo = "Alamofire macOS";
		};
		9344561920EF3C6900CF0F04 /* PBXContainerItemProxy */ = {
			isa = PBXContainerItemProxy;
			containerPortal = 9344560820EF3C6800CF0F04 /* Alamofire.xcodeproj */;
			proxyType = 2;
			remoteGlobalIDString = F829C6B21A7A94F100A2CD59;
			remoteInfo = "Alamofire macOS Tests";
		};
		9344561B20EF3C6900CF0F04 /* PBXContainerItemProxy */ = {
			isa = PBXContainerItemProxy;
			containerPortal = 9344560820EF3C6800CF0F04 /* Alamofire.xcodeproj */;
			proxyType = 2;
			remoteGlobalIDString = 4CF626EF1BA7CB3E0011A099;
			remoteInfo = "Alamofire tvOS";
		};
		9344561D20EF3C6900CF0F04 /* PBXContainerItemProxy */ = {
			isa = PBXContainerItemProxy;
			containerPortal = 9344560820EF3C6800CF0F04 /* Alamofire.xcodeproj */;
			proxyType = 2;
			remoteGlobalIDString = 4CF626F81BA7CB3E0011A099;
			remoteInfo = "Alamofire tvOS Tests";
		};
		9344561F20EF3C6900CF0F04 /* PBXContainerItemProxy */ = {
			isa = PBXContainerItemProxy;
			containerPortal = 9344560820EF3C6800CF0F04 /* Alamofire.xcodeproj */;
			proxyType = 2;
			remoteGlobalIDString = E4202FE01B667AA100C997FB;
			remoteInfo = "Alamofire watchOS";
		};
		9344562D20EF3C7000CF0F04 /* PBXContainerItemProxy */ = {
			isa = PBXContainerItemProxy;
			containerPortal = 9344562120EF3C6F00CF0F04 /* AlamofireImage.xcodeproj */;
			proxyType = 2;
			remoteGlobalIDString = 4C9043771AABBFC5001B4E60;
			remoteInfo = "AlamofireImage iOS";
		};
		9344562F20EF3C7000CF0F04 /* PBXContainerItemProxy */ = {
			isa = PBXContainerItemProxy;
			containerPortal = 9344562120EF3C6F00CF0F04 /* AlamofireImage.xcodeproj */;
			proxyType = 2;
			remoteGlobalIDString = 4C9043821AABBFC5001B4E60;
			remoteInfo = "AlamofireImage iOS Tests";
		};
		9344563120EF3C7000CF0F04 /* PBXContainerItemProxy */ = {
			isa = PBXContainerItemProxy;
			containerPortal = 9344562120EF3C6F00CF0F04 /* AlamofireImage.xcodeproj */;
			proxyType = 2;
			remoteGlobalIDString = 4CE611321AABC24E00D35044;
			remoteInfo = "AlamofireImage macOS";
		};
		9344563320EF3C7000CF0F04 /* PBXContainerItemProxy */ = {
			isa = PBXContainerItemProxy;
			containerPortal = 9344562120EF3C6F00CF0F04 /* AlamofireImage.xcodeproj */;
			proxyType = 2;
			remoteGlobalIDString = 4CE611471AABC5C900D35044;
			remoteInfo = "AlamofireImage macOS Tests";
		};
		9344563520EF3C7000CF0F04 /* PBXContainerItemProxy */ = {
			isa = PBXContainerItemProxy;
			containerPortal = 9344562120EF3C6F00CF0F04 /* AlamofireImage.xcodeproj */;
			proxyType = 2;
			remoteGlobalIDString = 4C16B37D1BA9399500A66EF0;
			remoteInfo = "AlamofireImage tvOS";
		};
		9344563720EF3C7000CF0F04 /* PBXContainerItemProxy */ = {
			isa = PBXContainerItemProxy;
			containerPortal = 9344562120EF3C6F00CF0F04 /* AlamofireImage.xcodeproj */;
			proxyType = 2;
			remoteGlobalIDString = 4C16B3861BA9399500A66EF0;
			remoteInfo = "AlamofireImage tvOS Tests";
		};
		9344563920EF3C7000CF0F04 /* PBXContainerItemProxy */ = {
			isa = PBXContainerItemProxy;
			containerPortal = 9344562120EF3C6F00CF0F04 /* AlamofireImage.xcodeproj */;
			proxyType = 2;
			remoteGlobalIDString = 4C4D4EC11B92976900C96855;
			remoteInfo = "AlamofireImage watchOS";
		};
		9344564620EF3C7700CF0F04 /* PBXContainerItemProxy */ = {
			isa = PBXContainerItemProxy;
			containerPortal = 9344563B20EF3C7700CF0F04 /* SwiftyJSON.xcodeproj */;
			proxyType = 2;
			remoteGlobalIDString = 2E4FEFDB19575BE100351305;
			remoteInfo = "SwiftyJSON iOS";
		};
		9344564820EF3C7700CF0F04 /* PBXContainerItemProxy */ = {
			isa = PBXContainerItemProxy;
			containerPortal = 9344563B20EF3C7700CF0F04 /* SwiftyJSON.xcodeproj */;
			proxyType = 2;
			remoteGlobalIDString = 2E4FEFE619575BE100351305;
			remoteInfo = "SwiftyJSON iOS Tests";
		};
		9344564A20EF3C7700CF0F04 /* PBXContainerItemProxy */ = {
			isa = PBXContainerItemProxy;
			containerPortal = 9344563B20EF3C7700CF0F04 /* SwiftyJSON.xcodeproj */;
			proxyType = 2;
			remoteGlobalIDString = 9C7DFC5B1A9102BD005AA3F7;
			remoteInfo = "SwiftyJSON macOS";
		};
		9344564C20EF3C7700CF0F04 /* PBXContainerItemProxy */ = {
			isa = PBXContainerItemProxy;
			containerPortal = 9344563B20EF3C7700CF0F04 /* SwiftyJSON.xcodeproj */;
			proxyType = 2;
			remoteGlobalIDString = 9C7DFC651A9102BD005AA3F7;
			remoteInfo = "SwiftyJSON macOS Tests";
		};
		9344564E20EF3C7700CF0F04 /* PBXContainerItemProxy */ = {
			isa = PBXContainerItemProxy;
			containerPortal = 9344563B20EF3C7700CF0F04 /* SwiftyJSON.xcodeproj */;
			proxyType = 2;
			remoteGlobalIDString = E4D7CCE81B9465A700EE7221;
			remoteInfo = "SwiftyJSON watchOS";
		};
		9344565020EF3C7700CF0F04 /* PBXContainerItemProxy */ = {
			isa = PBXContainerItemProxy;
			containerPortal = 9344563B20EF3C7700CF0F04 /* SwiftyJSON.xcodeproj */;
			proxyType = 2;
			remoteGlobalIDString = 7236B4F61BAC14150020529B;
			remoteInfo = "SwiftyJSON tvOS";
		};
		9344565220EF3C7700CF0F04 /* PBXContainerItemProxy */ = {
			isa = PBXContainerItemProxy;
			containerPortal = 9344563B20EF3C7700CF0F04 /* SwiftyJSON.xcodeproj */;
			proxyType = 2;
			remoteGlobalIDString = A8580F741BCF5C5B00DA927B;
			remoteInfo = "SwiftyJSON tvOS Tests";
		};
		9344565620EF3C8000CF0F04 /* PBXContainerItemProxy */ = {
			isa = PBXContainerItemProxy;
			containerPortal = 9344563B20EF3C7700CF0F04 /* SwiftyJSON.xcodeproj */;
			proxyType = 1;
			remoteGlobalIDString = 2E4FEFDA19575BE100351305;
			remoteInfo = "SwiftyJSON iOS";
		};
		9344565A20EF3C8400CF0F04 /* PBXContainerItemProxy */ = {
			isa = PBXContainerItemProxy;
			containerPortal = 9344562120EF3C6F00CF0F04 /* AlamofireImage.xcodeproj */;
			proxyType = 1;
			remoteGlobalIDString = 4C9043761AABBFC5001B4E60;
			remoteInfo = "AlamofireImage iOS";
		};
		9344565E20EF3C8C00CF0F04 /* PBXContainerItemProxy */ = {
			isa = PBXContainerItemProxy;
			containerPortal = 9344560820EF3C6800CF0F04 /* Alamofire.xcodeproj */;
			proxyType = 1;
			remoteGlobalIDString = F8111E3219A95C8B0040E7D1;
			remoteInfo = "Alamofire iOS";
		};
/* End PBXContainerItemProxy section */

/* Begin PBXCopyFilesBuildPhase section */
		934455C520EE8B7500CF0F04 /* Embed Frameworks */ = {
			isa = PBXCopyFilesBuildPhase;
			buildActionMask = 2147483647;
			dstPath = "";
			dstSubfolderSpec = 10;
			files = (
				9344565520EF3C8000CF0F04 /* SwiftyJSON.framework in Embed Frameworks */,
				9344565D20EF3C8C00CF0F04 /* Alamofire.framework in Embed Frameworks */,
				9344565920EF3C8400CF0F04 /* AlamofireImage.framework in Embed Frameworks */,
			);
			name = "Embed Frameworks";
			runOnlyForDeploymentPostprocessing = 0;
		};
/* End PBXCopyFilesBuildPhase section */

/* Begin PBXFileReference section */
		9344555D20EE8ACC00CF0F04 /* Repaso2.app */ = {isa = PBXFileReference; explicitFileType = wrapper.application; includeInIndex = 0; path = Repaso2.app; sourceTree = BUILT_PRODUCTS_DIR; };
		9344556020EE8ACC00CF0F04 /* AppDelegate.swift */ = {isa = PBXFileReference; lastKnownFileType = sourcecode.swift; path = AppDelegate.swift; sourceTree = "<group>"; };
		9344556520EE8ACD00CF0F04 /* Base */ = {isa = PBXFileReference; lastKnownFileType = file.storyboard; name = Base; path = Base.lproj/Main.storyboard; sourceTree = "<group>"; };
		9344556820EE8ACD00CF0F04 /* Repaso2.xcdatamodel */ = {isa = PBXFileReference; lastKnownFileType = wrapper.xcdatamodel; path = Repaso2.xcdatamodel; sourceTree = "<group>"; };
		9344556A20EE8AE600CF0F04 /* Assets.xcassets */ = {isa = PBXFileReference; lastKnownFileType = folder.assetcatalog; path = Assets.xcassets; sourceTree = "<group>"; };
		9344556D20EE8AE600CF0F04 /* Base */ = {isa = PBXFileReference; lastKnownFileType = file.storyboard; name = Base; path = Base.lproj/LaunchScreen.storyboard; sourceTree = "<group>"; };
		9344556F20EE8AE600CF0F04 /* Info.plist */ = {isa = PBXFileReference; lastKnownFileType = text.plist.xml; path = Info.plist; sourceTree = "<group>"; };
		934455D320EE937A00CF0F04 /* DogEntity.swift */ = {isa = PBXFileReference; lastKnownFileType = sourcecode.swift; path = DogEntity.swift; sourceTree = "<group>"; };
		934455D520EE938F00CF0F04 /* UserEntity.swift */ = {isa = PBXFileReference; lastKnownFileType = sourcecode.swift; path = UserEntity.swift; sourceTree = "<group>"; };
		934455D720EE93BE00CF0F04 /* UserStore.swift */ = {isa = PBXFileReference; lastKnownFileType = sourcecode.swift; path = UserStore.swift; sourceTree = "<group>"; };
		934455D920EE93CB00CF0F04 /* DogStore.swift */ = {isa = PBXFileReference; lastKnownFileType = sourcecode.swift; path = DogStore.swift; sourceTree = "<group>"; };
		934455DB20EEBDE000CF0F04 /* LoginViewController.swift */ = {isa = PBXFileReference; lastKnownFileType = sourcecode.swift; path = LoginViewController.swift; sourceTree = "<group>"; };
		934455DD20EEBE4200CF0F04 /* RegisterViewController.swift */ = {isa = PBXFileReference; lastKnownFileType = sourcecode.swift; path = RegisterViewController.swift; sourceTree = "<group>"; };
		934455DF20EEBE7600CF0F04 /* DogsCollectionViewController.swift */ = {isa = PBXFileReference; lastKnownFileType = sourcecode.swift; path = DogsCollectionViewController.swift; sourceTree = "<group>"; };
		934455E120EEBE9700CF0F04 /* FavoriteTableViewController.swift */ = {isa = PBXFileReference; lastKnownFileType = sourcecode.swift; path = FavoriteTableViewController.swift; sourceTree = "<group>"; };
		934455E320EEBEAE00CF0F04 /* AboutViewController.swift */ = {isa = PBXFileReference; lastKnownFileType = sourcecode.swift; path = AboutViewController.swift; sourceTree = "<group>"; };
		934455E520EEF16A00CF0F04 /* UserPreference.swift */ = {isa = PBXFileReference; lastKnownFileType = sourcecode.swift; path = UserPreference.swift; sourceTree = "<group>"; };
		9344560620EF316B00CF0F04 /* ProgressViewController.swift */ = {isa = PBXFileReference; lastKnownFileType = sourcecode.swift; path = ProgressViewController.swift; sourceTree = "<group>"; };
		9344560820EF3C6800CF0F04 /* Alamofire.xcodeproj */ = {isa = PBXFileReference; lastKnownFileType = "wrapper.pb-project"; name = Alamofire.xcodeproj; path = "../../../Downloads/Alamofire-master/Alamofire.xcodeproj"; sourceTree = "<group>"; };
		9344562120EF3C6F00CF0F04 /* AlamofireImage.xcodeproj */ = {isa = PBXFileReference; lastKnownFileType = "wrapper.pb-project"; name = AlamofireImage.xcodeproj; path = "../../../Downloads/AlamofireImage-master/AlamofireImage.xcodeproj"; sourceTree = "<group>"; };
		9344563B20EF3C7700CF0F04 /* SwiftyJSON.xcodeproj */ = {isa = PBXFileReference; lastKnownFileType = "wrapper.pb-project"; name = SwiftyJSON.xcodeproj; path = "../../../Downloads/SwiftyJSON-master/SwiftyJSON.xcodeproj"; sourceTree = "<group>"; };
/* End PBXFileReference section */

/* Begin PBXFrameworksBuildPhase section */
		9344555A20EE8ACC00CF0F04 /* Frameworks */ = {
			isa = PBXFrameworksBuildPhase;
			buildActionMask = 2147483647;
			files = (
				9344565420EF3C8000CF0F04 /* SwiftyJSON.framework in Frameworks */,
				9344565C20EF3C8C00CF0F04 /* Alamofire.framework in Frameworks */,
				9344565820EF3C8400CF0F04 /* AlamofireImage.framework in Frameworks */,
			);
			runOnlyForDeploymentPostprocessing = 0;
		};
/* End PBXFrameworksBuildPhase section */

/* Begin PBXGroup section */
		9344555420EE8ACC00CF0F04 = {
			isa = PBXGroup;
			children = (
				9344563B20EF3C7700CF0F04 /* SwiftyJSON.xcodeproj */,
				9344562120EF3C6F00CF0F04 /* AlamofireImage.xcodeproj */,
				9344560820EF3C6800CF0F04 /* Alamofire.xcodeproj */,
				9344555F20EE8ACC00CF0F04 /* Repaso2 */,
				9344555E20EE8ACC00CF0F04 /* Products */,
			);
			sourceTree = "<group>";
		};
		9344555E20EE8ACC00CF0F04 /* Products */ = {
			isa = PBXGroup;
			children = (
				9344555D20EE8ACC00CF0F04 /* Repaso2.app */,
			);
			name = Products;
			sourceTree = "<group>";
		};
		9344555F20EE8ACC00CF0F04 /* Repaso2 */ = {
			isa = PBXGroup;
			children = (
				934455D020EE8BEC00CF0F04 /* ViewController */,
				934455CF20EE8BD600CF0F04 /* NetWork */,
				934455CE20EE8BCE00CF0F04 /* Models */,
				9344556020EE8ACC00CF0F04 /* AppDelegate.swift */,
				9344556420EE8ACD00CF0F04 /* Main.storyboard */,
				9344556A20EE8AE600CF0F04 /* Assets.xcassets */,
				9344556C20EE8AE600CF0F04 /* LaunchScreen.storyboard */,
				9344556F20EE8AE600CF0F04 /* Info.plist */,
				9344556720EE8ACD00CF0F04 /* Repaso2.xcdatamodeld */,
			);
			path = Repaso2;
			sourceTree = "<group>";
		};
		934455CE20EE8BCE00CF0F04 /* Models */ = {
			isa = PBXGroup;
			children = (
				934455D320EE937A00CF0F04 /* DogEntity.swift */,
				934455D520EE938F00CF0F04 /* UserEntity.swift */,
				934455D720EE93BE00CF0F04 /* UserStore.swift */,
				934455D920EE93CB00CF0F04 /* DogStore.swift */,
				934455E520EEF16A00CF0F04 /* UserPreference.swift */,
			);
			path = Models;
			sourceTree = "<group>";
		};
		934455CF20EE8BD600CF0F04 /* NetWork */ = {
			isa = PBXGroup;
			children = (
			);
			path = NetWork;
			sourceTree = "<group>";
		};
		934455D020EE8BEC00CF0F04 /* ViewController */ = {
			isa = PBXGroup;
			children = (
				934455DB20EEBDE000CF0F04 /* LoginViewController.swift */,
				934455DD20EEBE4200CF0F04 /* RegisterViewController.swift */,
				934455DF20EEBE7600CF0F04 /* DogsCollectionViewController.swift */,
				934455E120EEBE9700CF0F04 /* FavoriteTableViewController.swift */,
				934455E320EEBEAE00CF0F04 /* AboutViewController.swift */,
				9344560620EF316B00CF0F04 /* ProgressViewController.swift */,
			);
			path = ViewController;
			sourceTree = "<group>";
		};
		9344560920EF3C6800CF0F04 /* Products */ = {
			isa = PBXGroup;
			children = (
				9344561420EF3C6900CF0F04 /* Alamofire.framework */,
				9344561620EF3C6900CF0F04 /* Alamofire iOS Tests.xctest */,
				9344561820EF3C6900CF0F04 /* Alamofire.framework */,
				9344561A20EF3C6900CF0F04 /* Alamofire macOS Tests.xctest */,
				9344561C20EF3C6900CF0F04 /* Alamofire.framework */,
				9344561E20EF3C6900CF0F04 /* Alamofire tvOS Tests.xctest */,
				9344562020EF3C6900CF0F04 /* Alamofire.framework */,
			);
			name = Products;
			sourceTree = "<group>";
		};
		9344562220EF3C6F00CF0F04 /* Products */ = {
			isa = PBXGroup;
			children = (
				9344562E20EF3C7000CF0F04 /* AlamofireImage.framework */,
				9344563020EF3C7000CF0F04 /* AlamofireImage iOS Tests.xctest */,
				9344563220EF3C7000CF0F04 /* AlamofireImage.framework */,
				9344563420EF3C7000CF0F04 /* AlamofireImage macOS Tests.xctest */,
				9344563620EF3C7000CF0F04 /* AlamofireImage.framework */,
				9344563820EF3C7000CF0F04 /* AlamofireImage tvOS Tests.xctest */,
				9344563A20EF3C7000CF0F04 /* AlamofireImage.framework */,
			);
			name = Products;
			sourceTree = "<group>";
		};
		9344563C20EF3C7700CF0F04 /* Products */ = {
			isa = PBXGroup;
			children = (
				9344564720EF3C7700CF0F04 /* SwiftyJSON.framework */,
				9344564920EF3C7700CF0F04 /* SwiftyJSON iOS Tests.xctest */,
				9344564B20EF3C7700CF0F04 /* SwiftyJSON.framework */,
				9344564D20EF3C7700CF0F04 /* SwiftyJSON macOS Tests.xctest */,
				9344564F20EF3C7700CF0F04 /* SwiftyJSON.framework */,
				9344565120EF3C7700CF0F04 /* SwiftyJSON.framework */,
				9344565320EF3C7700CF0F04 /* SwiftyJSON tvOS Tests.xctest */,
			);
			name = Products;
			sourceTree = "<group>";
		};
/* End PBXGroup section */

/* Begin PBXNativeTarget section */
		9344555C20EE8ACC00CF0F04 /* Repaso2 */ = {
			isa = PBXNativeTarget;
			buildConfigurationList = 9344557220EE8AE600CF0F04 /* Build configuration list for PBXNativeTarget "Repaso2" */;
			buildPhases = (
				9344555920EE8ACC00CF0F04 /* Sources */,
				9344555A20EE8ACC00CF0F04 /* Frameworks */,
				9344555B20EE8ACC00CF0F04 /* Resources */,
				934455C520EE8B7500CF0F04 /* Embed Frameworks */,
			);
			buildRules = (
			);
			dependencies = (
				9344565720EF3C8000CF0F04 /* PBXTargetDependency */,
				9344565B20EF3C8400CF0F04 /* PBXTargetDependency */,
				9344565F20EF3C8C00CF0F04 /* PBXTargetDependency */,
			);
			name = Repaso2;
			productName = Repaso2;
			productReference = 9344555D20EE8ACC00CF0F04 /* Repaso2.app */;
			productType = "com.apple.product-type.application";
		};
/* End PBXNativeTarget section */

/* Begin PBXProject section */
		9344555520EE8ACC00CF0F04 /* Project object */ = {
			isa = PBXProject;
			attributes = {
				LastSwiftUpdateCheck = 0940;
				LastUpgradeCheck = 0940;
				ORGANIZATIONNAME = "Erick Carrasco";
				TargetAttributes = {
					9344555C20EE8ACC00CF0F04 = {
						CreatedOnToolsVersion = 9.4.1;
					};
				};
			};
			buildConfigurationList = 9344555820EE8ACC00CF0F04 /* Build configuration list for PBXProject "Repaso2" */;
			compatibilityVersion = "Xcode 9.3";
			developmentRegion = en;
			hasScannedForEncodings = 0;
			knownRegions = (
				en,
				Base,
			);
			mainGroup = 9344555420EE8ACC00CF0F04;
			productRefGroup = 9344555E20EE8ACC00CF0F04 /* Products */;
			projectDirPath = "";
			projectReferences = (
				{
					ProductGroup = 9344560920EF3C6800CF0F04 /* Products */;
					ProjectRef = 9344560820EF3C6800CF0F04 /* Alamofire.xcodeproj */;
				},
				{
					ProductGroup = 9344562220EF3C6F00CF0F04 /* Products */;
					ProjectRef = 9344562120EF3C6F00CF0F04 /* AlamofireImage.xcodeproj */;
				},
				{
					ProductGroup = 9344563C20EF3C7700CF0F04 /* Products */;
					ProjectRef = 9344563B20EF3C7700CF0F04 /* SwiftyJSON.xcodeproj */;
				},
			);
			projectRoot = "";
			targets = (
				9344555C20EE8ACC00CF0F04 /* Repaso2 */,
			);
		};
/* End PBXProject section */

/* Begin PBXReferenceProxy section */
		9344561420EF3C6900CF0F04 /* Alamofire.framework */ = {
			isa = PBXReferenceProxy;
			fileType = wrapper.framework;
			path = Alamofire.framework;
			remoteRef = 9344561320EF3C6900CF0F04 /* PBXContainerItemProxy */;
			sourceTree = BUILT_PRODUCTS_DIR;
		};
		9344561620EF3C6900CF0F04 /* Alamofire iOS Tests.xctest */ = {
			isa = PBXReferenceProxy;
			fileType = wrapper.cfbundle;
			path = "Alamofire iOS Tests.xctest";
			remoteRef = 9344561520EF3C6900CF0F04 /* PBXContainerItemProxy */;
			sourceTree = BUILT_PRODUCTS_DIR;
		};
		9344561820EF3C6900CF0F04 /* Alamofire.framework */ = {
			isa = PBXReferenceProxy;
			fileType = wrapper.framework;
			path = Alamofire.framework;
			remoteRef = 9344561720EF3C6900CF0F04 /* PBXContainerItemProxy */;
			sourceTree = BUILT_PRODUCTS_DIR;
		};
		9344561A20EF3C6900CF0F04 /* Alamofire macOS Tests.xctest */ = {
			isa = PBXReferenceProxy;
			fileType = wrapper.cfbundle;
			path = "Alamofire macOS Tests.xctest";
			remoteRef = 9344561920EF3C6900CF0F04 /* PBXContainerItemProxy */;
			sourceTree = BUILT_PRODUCTS_DIR;
		};
		9344561C20EF3C6900CF0F04 /* Alamofire.framework */ = {
			isa = PBXReferenceProxy;
			fileType = wrapper.framework;
			path = Alamofire.framework;
			remoteRef = 9344561B20EF3C6900CF0F04 /* PBXContainerItemProxy */;
			sourceTree = BUILT_PRODUCTS_DIR;
		};
		9344561E20EF3C6900CF0F04 /* Alamofire tvOS Tests.xctest */ = {
			isa = PBXReferenceProxy;
			fileType = wrapper.cfbundle;
			path = "Alamofire tvOS Tests.xctest";
			remoteRef = 9344561D20EF3C6900CF0F04 /* PBXContainerItemProxy */;
			sourceTree = BUILT_PRODUCTS_DIR;
		};
		9344562020EF3C6900CF0F04 /* Alamofire.framework */ = {
			isa = PBXReferenceProxy;
			fileType = wrapper.framework;
			path = Alamofire.framework;
			remoteRef = 9344561F20EF3C6900CF0F04 /* PBXContainerItemProxy */;
			sourceTree = BUILT_PRODUCTS_DIR;
		};
		9344562E20EF3C7000CF0F04 /* AlamofireImage.framework */ = {
			isa = PBXReferenceProxy;
			fileType = wrapper.framework;
			path = AlamofireImage.framework;
			remoteRef = 9344562D20EF3C7000CF0F04 /* PBXContainerItemProxy */;
			sourceTree = BUILT_PRODUCTS_DIR;
		};
		9344563020EF3C7000CF0F04 /* AlamofireImage iOS Tests.xctest */ = {
			isa = PBXReferenceProxy;
			fileType = wrapper.cfbundle;
			path = "AlamofireImage iOS Tests.xctest";
			remoteRef = 9344562F20EF3C7000CF0F04 /* PBXContainerItemProxy */;
			sourceTree = BUILT_PRODUCTS_DIR;
		};
		9344563220EF3C7000CF0F04 /* AlamofireImage.framework */ = {
			isa = PBXReferenceProxy;
			fileType = wrapper.framework;
			path = AlamofireImage.framework;
			remoteRef = 9344563120EF3C7000CF0F04 /* PBXContainerItemProxy */;
			sourceTree = BUILT_PRODUCTS_DIR;
		};
		9344563420EF3C7000CF0F04 /* AlamofireImage macOS Tests.xctest */ = {
			isa = PBXReferenceProxy;
			fileType = wrapper.cfbundle;
			path = "AlamofireImage macOS Tests.xctest";
			remoteRef = 9344563320EF3C7000CF0F04 /* PBXContainerItemProxy */;
			sourceTree = BUILT_PRODUCTS_DIR;
		};
		9344563620EF3C7000CF0F04 /* AlamofireImage.framework */ = {
			isa = PBXReferenceProxy;
			fileType = wrapper.framework;
			path = AlamofireImage.framework;
			remoteRef = 9344563520EF3C7000CF0F04 /* PBXContainerItemProxy */;
			sourceTree = BUILT_PRODUCTS_DIR;
		};
		9344563820EF3C7000CF0F04 /* AlamofireImage tvOS Tests.xctest */ = {
			isa = PBXReferenceProxy;
			fileType = wrapper.cfbundle;
			path = "AlamofireImage tvOS Tests.xctest";
			remoteRef = 9344563720EF3C7000CF0F04 /* PBXContainerItemProxy */;
			sourceTree = BUILT_PRODUCTS_DIR;
		};
		9344563A20EF3C7000CF0F04 /* AlamofireImage.framework */ = {
			isa = PBXReferenceProxy;
			fileType = wrapper.framework;
			path = AlamofireImage.framework;
			remoteRef = 9344563920EF3C7000CF0F04 /* PBXContainerItemProxy */;
			sourceTree = BUILT_PRODUCTS_DIR;
		};
		9344564720EF3C7700CF0F04 /* SwiftyJSON.framework */ = {
			isa = PBXReferenceProxy;
			fileType = wrapper.framework;
			path = SwiftyJSON.framework;
			remoteRef = 9344564620EF3C7700CF0F04 /* PBXContainerItemProxy */;
			sourceTree = BUILT_PRODUCTS_DIR;
		};
		9344564920EF3C7700CF0F04 /* SwiftyJSON iOS Tests.xctest */ = {
			isa = PBXReferenceProxy;
			fileType = wrapper.cfbundle;
			path = "SwiftyJSON iOS Tests.xctest";
			remoteRef = 9344564820EF3C7700CF0F04 /* PBXContainerItemProxy */;
			sourceTree = BUILT_PRODUCTS_DIR;
		};
		9344564B20EF3C7700CF0F04 /* SwiftyJSON.framework */ = {
			isa = PBXReferenceProxy;
			fileType = wrapper.framework;
			path = SwiftyJSON.framework;
			remoteRef = 9344564A20EF3C7700CF0F04 /* PBXContainerItemProxy */;
			sourceTree = BUILT_PRODUCTS_DIR;
		};
		9344564D20EF3C7700CF0F04 /* SwiftyJSON macOS Tests.xctest */ = {
			isa = PBXReferenceProxy;
			fileType = wrapper.cfbundle;
			path = "SwiftyJSON macOS Tests.xctest";
			remoteRef = 9344564C20EF3C7700CF0F04 /* PBXContainerItemProxy */;
			sourceTree = BUILT_PRODUCTS_DIR;
		};
		9344564F20EF3C7700CF0F04 /* SwiftyJSON.framework */ = {
			isa = PBXReferenceProxy;
			fileType = wrapper.framework;
			path = SwiftyJSON.framework;
			remoteRef = 9344564E20EF3C7700CF0F04 /* PBXContainerItemProxy */;
			sourceTree = BUILT_PRODUCTS_DIR;
		};
		9344565120EF3C7700CF0F04 /* SwiftyJSON.framework */ = {
			isa = PBXReferenceProxy;
			fileType = wrapper.framework;
			path = SwiftyJSON.framework;
			remoteRef = 9344565020EF3C7700CF0F04 /* PBXContainerItemProxy */;
			sourceTree = BUILT_PRODUCTS_DIR;
		};
		9344565320EF3C7700CF0F04 /* SwiftyJSON tvOS Tests.xctest */ = {
			isa = PBXReferenceProxy;
			fileType = wrapper.cfbundle;
			path = "SwiftyJSON tvOS Tests.xctest";
			remoteRef = 9344565220EF3C7700CF0F04 /* PBXContainerItemProxy */;
			sourceTree = BUILT_PRODUCTS_DIR;
		};
/* End PBXReferenceProxy section */

/* Begin PBXResourcesBuildPhase section */
		9344555B20EE8ACC00CF0F04 /* Resources */ = {
			isa = PBXResourcesBuildPhase;
			buildActionMask = 2147483647;
			files = (
				9344556E20EE8AE600CF0F04 /* LaunchScreen.storyboard in Resources */,
				9344556B20EE8AE600CF0F04 /* Assets.xcassets in Resources */,
				9344556620EE8ACD00CF0F04 /* Main.storyboard in Resources */,
			);
			runOnlyForDeploymentPostprocessing = 0;
		};
/* End PBXResourcesBuildPhase section */

/* Begin PBXSourcesBuildPhase section */
		9344555920EE8ACC00CF0F04 /* Sources */ = {
			isa = PBXSourcesBuildPhase;
			buildActionMask = 2147483647;
			files = (
				934455DC20EEBDE000CF0F04 /* LoginViewController.swift in Sources */,
				934455E620EEF16A00CF0F04 /* UserPreference.swift in Sources */,
				934455DA20EE93CB00CF0F04 /* DogStore.swift in Sources */,
				934455E420EEBEAE00CF0F04 /* AboutViewController.swift in Sources */,
				9344560720EF316B00CF0F04 /* ProgressViewController.swift in Sources */,
				9344556920EE8ACD00CF0F04 /* Repaso2.xcdatamodeld in Sources */,
				934455E020EEBE7600CF0F04 /* DogsCollectionViewController.swift in Sources */,
				934455DE20EEBE4200CF0F04 /* RegisterViewController.swift in Sources */,
				934455E220EEBE9700CF0F04 /* FavoriteTableViewController.swift in Sources */,
				934455D820EE93BE00CF0F04 /* UserStore.swift in Sources */,
				9344556120EE8ACC00CF0F04 /* AppDelegate.swift in Sources */,
				934455D420EE937A00CF0F04 /* DogEntity.swift in Sources */,
				934455D620EE938F00CF0F04 /* UserEntity.swift in Sources */,
			);
			runOnlyForDeploymentPostprocessing = 0;
		};
/* End PBXSourcesBuildPhase section */

/* Begin PBXTargetDependency section */
		9344565720EF3C8000CF0F04 /* PBXTargetDependency */ = {
			isa = PBXTargetDependency;
			name = "SwiftyJSON iOS";
			targetProxy = 9344565620EF3C8000CF0F04 /* PBXContainerItemProxy */;
		};
		9344565B20EF3C8400CF0F04 /* PBXTargetDependency */ = {
			isa = PBXTargetDependency;
			name = "AlamofireImage iOS";
			targetProxy = 9344565A20EF3C8400CF0F04 /* PBXContainerItemProxy */;
		};
		9344565F20EF3C8C00CF0F04 /* PBXTargetDependency */ = {
			isa = PBXTargetDependency;
			name = "Alamofire iOS";
			targetProxy = 9344565E20EF3C8C00CF0F04 /* PBXContainerItemProxy */;
		};
/* End PBXTargetDependency section */

/* Begin PBXVariantGroup section */
		9344556420EE8ACD00CF0F04 /* Main.storyboard */ = {
			isa = PBXVariantGroup;
			children = (
				9344556520EE8ACD00CF0F04 /* Base */,
			);
			name = Main.storyboard;
			sourceTree = "<group>";
		};
		9344556C20EE8AE600CF0F04 /* LaunchScreen.storyboard */ = {
			isa = PBXVariantGroup;
			children = (
				9344556D20EE8AE600CF0F04 /* Base */,
			);
			name = LaunchScreen.storyboard;
			sourceTree = "<group>";
		};
/* End PBXVariantGroup section */

/* Begin XCBuildConfiguration section */
		9344557020EE8AE600CF0F04 /* Debug */ = {
			isa = XCBuildConfiguration;
			buildSettings = {
				ALWAYS_SEARCH_USER_PATHS = NO;
				CLANG_ANALYZER_NONNULL = YES;
				CLANG_ANALYZER_NUMBER_OBJECT_CONVERSION = YES_AGGRESSIVE;
				CLANG_CXX_LANGUAGE_STANDARD = "gnu++14";
				CLANG_CXX_LIBRARY = "libc++";
				CLANG_ENABLE_MODULES = YES;
				CLANG_ENABLE_OBJC_ARC = YES;
				CLANG_ENABLE_OBJC_WEAK = YES;
				CLANG_WARN_BLOCK_CAPTURE_AUTORELEASING = YES;
				CLANG_WARN_BOOL_CONVERSION = YES;
				CLANG_WARN_COMMA = YES;
				CLANG_WARN_CONSTANT_CONVERSION = YES;
				CLANG_WARN_DEPRECATED_OBJC_IMPLEMENTATIONS = YES;
				CLANG_WARN_DIRECT_OBJC_ISA_USAGE = YES_ERROR;
				CLANG_WARN_DOCUMENTATION_COMMENTS = YES;
				CLANG_WARN_EMPTY_BODY = YES;
				CLANG_WARN_ENUM_CONVERSION = YES;
				CLANG_WARN_INFINITE_RECURSION = YES;
				CLANG_WARN_INT_CONVERSION = YES;
				CLANG_WARN_NON_LITERAL_NULL_CONVERSION = YES;
				CLANG_WARN_OBJC_IMPLICIT_RETAIN_SELF = YES;
				CLANG_WARN_OBJC_LITERAL_CONVERSION = YES;
				CLANG_WARN_OBJC_ROOT_CLASS = YES_ERROR;
				CLANG_WARN_RANGE_LOOP_ANALYSIS = YES;
				CLANG_WARN_STRICT_PROTOTYPES = YES;
				CLANG_WARN_SUSPICIOUS_MOVE = YES;
				CLANG_WARN_UNGUARDED_AVAILABILITY = YES_AGGRESSIVE;
				CLANG_WARN_UNREACHABLE_CODE = YES;
				CLANG_WARN__DUPLICATE_METHOD_MATCH = YES;
				CODE_SIGN_IDENTITY = "iPhone Developer";
				COPY_PHASE_STRIP = NO;
				DEBUG_INFORMATION_FORMAT = dwarf;
				ENABLE_STRICT_OBJC_MSGSEND = YES;
				ENABLE_TESTABILITY = YES;
				GCC_C_LANGUAGE_STANDARD = gnu11;
				GCC_DYNAMIC_NO_PIC = NO;
				GCC_NO_COMMON_BLOCKS = YES;
				GCC_OPTIMIZATION_LEVEL = 0;
				GCC_PREPROCESSOR_DEFINITIONS = (
					"DEBUG=1",
					"$(inherited)",
				);
				GCC_WARN_64_TO_32_BIT_CONVERSION = YES;
				GCC_WARN_ABOUT_RETURN_TYPE = YES_ERROR;
				GCC_WARN_UNDECLARED_SELECTOR = YES;
				GCC_WARN_UNINITIALIZED_AUTOS = YES_AGGRESSIVE;
				GCC_WARN_UNUSED_FUNCTION = YES;
				GCC_WARN_UNUSED_VARIABLE = YES;
				IPHONEOS_DEPLOYMENT_TARGET = 11.4;
				MTL_ENABLE_DEBUG_INFO = YES;
				ONLY_ACTIVE_ARCH = YES;
				SDKROOT = iphoneos;
				SWIFT_ACTIVE_COMPILATION_CONDITIONS = DEBUG;
				SWIFT_OPTIMIZATION_LEVEL = "-Onone";
			};
			name = Debug;
		};
		9344557120EE8AE600CF0F04 /* Release */ = {
			isa = XCBuildConfiguration;
			buildSettings = {
				ALWAYS_SEARCH_USER_PATHS = NO;
				CLANG_ANALYZER_NONNULL = YES;
				CLANG_ANALYZER_NUMBER_OBJECT_CONVERSION = YES_AGGRESSIVE;
				CLANG_CXX_LANGUAGE_STANDARD = "gnu++14";
				CLANG_CXX_LIBRARY = "libc++";
				CLANG_ENABLE_MODULES = YES;
				CLANG_ENABLE_OBJC_ARC = YES;
				CLANG_ENABLE_OBJC_WEAK = YES;
				CLANG_WARN_BLOCK_CAPTURE_AUTORELEASING = YES;
				CLANG_WARN_BOOL_CONVERSION = YES;
				CLANG_WARN_COMMA = YES;
				CLANG_WARN_CONSTANT_CONVERSION = YES;
				CLANG_WARN_DEPRECATED_OBJC_IMPLEMENTATIONS = YES;
				CLANG_WARN_DIRECT_OBJC_ISA_USAGE = YES_ERROR;
				CLANG_WARN_DOCUMENTATION_COMMENTS = YES;
				CLANG_WARN_EMPTY_BODY = YES;
				CLANG_WARN_ENUM_CONVERSION = YES;
				CLANG_WARN_INFINITE_RECURSION = YES;
				CLANG_WARN_INT_CONVERSION = YES;
				CLANG_WARN_NON_LITERAL_NULL_CONVERSION = YES;
				CLANG_WARN_OBJC_IMPLICIT_RETAIN_SELF = YES;
				CLANG_WARN_OBJC_LITERAL_CONVERSION = YES;
				CLANG_WARN_OBJC_ROOT_CLASS = YES_ERROR;
				CLANG_WARN_RANGE_LOOP_ANALYSIS = YES;
				CLANG_WARN_STRICT_PROTOTYPES = YES;
				CLANG_WARN_SUSPICIOUS_MOVE = YES;
				CLANG_WARN_UNGUARDED_AVAILABILITY = YES_AGGRESSIVE;
				CLANG_WARN_UNREACHABLE_CODE = YES;
				CLANG_WARN__DUPLICATE_METHOD_MATCH = YES;
				CODE_SIGN_IDENTITY = "iPhone Developer";
				COPY_PHASE_STRIP = NO;
				DEBUG_INFORMATION_FORMAT = "dwarf-with-dsym";
				ENABLE_NS_ASSERTIONS = NO;
				ENABLE_STRICT_OBJC_MSGSEND = YES;
				GCC_C_LANGUAGE_STANDARD = gnu11;
				GCC_NO_COMMON_BLOCKS = YES;
				GCC_WARN_64_TO_32_BIT_CONVERSION = YES;
				GCC_WARN_ABOUT_RETURN_TYPE = YES_ERROR;
				GCC_WARN_UNDECLARED_SELECTOR = YES;
				GCC_WARN_UNINITIALIZED_AUTOS = YES_AGGRESSIVE;
				GCC_WARN_UNUSED_FUNCTION = YES;
				GCC_WARN_UNUSED_VARIABLE = YES;
				IPHONEOS_DEPLOYMENT_TARGET = 11.4;
				MTL_ENABLE_DEBUG_INFO = NO;
				SDKROOT = iphoneos;
				SWIFT_COMPILATION_MODE = wholemodule;
				SWIFT_OPTIMIZATION_LEVEL = "-O";
				VALIDATE_PRODUCT = YES;
			};
			name = Release;
		};
		9344557320EE8AE600CF0F04 /* Debug */ = {
			isa = XCBuildConfiguration;
			buildSettings = {
				ALWAYS_EMBED_SWIFT_STANDARD_LIBRARIES = YES;
				ASSETCATALOG_COMPILER_APPICON_NAME = AppIcon;
				CODE_SIGN_STYLE = Manual;
				DEVELOPMENT_TEAM = "";
				INFOPLIST_FILE = Repaso2/Info.plist;
				LD_RUNPATH_SEARCH_PATHS = (
					"$(inherited)",
					"@executable_path/Frameworks",
				);
				PRODUCT_BUNDLE_IDENTIFIER = upc.edu.pe.Repaso2;
				PRODUCT_NAME = "$(TARGET_NAME)";
				PROVISIONING_PROFILE_SPECIFIER = "";
				SWIFT_VERSION = 4.0;
				TARGETED_DEVICE_FAMILY = "1,2";
			};
			name = Debug;
		};
		9344557420EE8AE600CF0F04 /* Release */ = {
			isa = XCBuildConfiguration;
			buildSettings = {
				ALWAYS_EMBED_SWIFT_STANDARD_LIBRARIES = YES;
				ASSETCATALOG_COMPILER_APPICON_NAME = AppIcon;
				CODE_SIGN_STYLE = Manual;
				DEVELOPMENT_TEAM = "";
				INFOPLIST_FILE = Repaso2/Info.plist;
				LD_RUNPATH_SEARCH_PATHS = (
					"$(inherited)",
					"@executable_path/Frameworks",
				);
				PRODUCT_BUNDLE_IDENTIFIER = upc.edu.pe.Repaso2;
				PRODUCT_NAME = "$(TARGET_NAME)";
				PROVISIONING_PROFILE_SPECIFIER = "";
				SWIFT_VERSION = 4.0;
				TARGETED_DEVICE_FAMILY = "1,2";
			};
			name = Release;
		};
/* End XCBuildConfiguration section */

/* Begin XCConfigurationList section */
		9344555820EE8ACC00CF0F04 /* Build configuration list for PBXProject "Repaso2" */ = {
			isa = XCConfigurationList;
			buildConfigurations = (
				9344557020EE8AE600CF0F04 /* Debug */,
				9344557120EE8AE600CF0F04 /* Release */,
			);
			defaultConfigurationIsVisible = 0;
			defaultConfigurationName = Release;
		};
		9344557220EE8AE600CF0F04 /* Build configuration list for PBXNativeTarget "Repaso2" */ = {
			isa = XCConfigurationList;
			buildConfigurations = (
				9344557320EE8AE600CF0F04 /* Debug */,
				9344557420EE8AE600CF0F04 /* Release */,
			);
			defaultConfigurationIsVisible = 0;
			defaultConfigurationName = Release;
		};
/* End XCConfigurationList section */

/* Begin XCVersionGroup section */
		9344556720EE8ACD00CF0F04 /* Repaso2.xcdatamodeld */ = {
			isa = XCVersionGroup;
			children = (
				9344556820EE8ACD00CF0F04 /* Repaso2.xcdatamodel */,
			);
			currentVersion = 9344556820EE8ACD00CF0F04 /* Repaso2.xcdatamodel */;
			path = Repaso2.xcdatamodeld;
			sourceTree = "<group>";
			versionGroupType = wrapper.xcdatamodel;
		};
/* End XCVersionGroup section */
	};
	rootObject = 9344555520EE8ACC00CF0F04 /* Project object */;
}
